// !$*UTF8*$!
{
	archiveVersion = 1;
	classes = {
	};
	objectVersion = 56;
	objects = {

/* Begin PBXBuildFile section */
		312926192BD1019A005A5EB2 /* swiftui_projectApp.swift in Sources */ = {isa = PBXBuildFile; fileRef = 312926182BD1019A005A5EB2 /* swiftui_projectApp.swift */; };
		3129261B2BD1019A005A5EB2 /* ContentView.swift in Sources */ = {isa = PBXBuildFile; fileRef = 3129261A2BD1019A005A5EB2 /* ContentView.swift */; };
		3129261D2BD1019C005A5EB2 /* Assets.xcassets in Resources */ = {isa = PBXBuildFile; fileRef = 3129261C2BD1019C005A5EB2 /* Assets.xcassets */; };
		312926202BD1019C005A5EB2 /* Preview Assets.xcassets in Resources */ = {isa = PBXBuildFile; fileRef = 3129261F2BD1019C005A5EB2 /* Preview Assets.xcassets */; };
		3129262A2BD1019C005A5EB2 /* swiftui_projectTests.swift in Sources */ = {isa = PBXBuildFile; fileRef = 312926292BD1019C005A5EB2 /* swiftui_projectTests.swift */; };
		312926342BD1019C005A5EB2 /* swiftui_projectUITests.swift in Sources */ = {isa = PBXBuildFile; fileRef = 312926332BD1019C005A5EB2 /* swiftui_projectUITests.swift */; };
		312926362BD1019C005A5EB2 /* swiftui_projectUITestsLaunchTests.swift in Sources */ = {isa = PBXBuildFile; fileRef = 312926352BD1019C005A5EB2 /* swiftui_projectUITestsLaunchTests.swift */; };
		312926432BD108BC005A5EB2 /* ListView.swift in Sources */ = {isa = PBXBuildFile; fileRef = 312926422BD108BC005A5EB2 /* ListView.swift */; };
/* End PBXBuildFile section */

/* Begin PBXContainerItemProxy section */
		312926262BD1019C005A5EB2 /* PBXContainerItemProxy */ = {
			isa = PBXContainerItemProxy;
			containerPortal = 3129260D2BD1019A005A5EB2 /* Project object */;
			proxyType = 1;
			remoteGlobalIDString = 312926142BD1019A005A5EB2;
			remoteInfo = "swiftui project";
		};
		312926302BD1019C005A5EB2 /* PBXContainerItemProxy */ = {
			isa = PBXContainerItemProxy;
			containerPortal = 3129260D2BD1019A005A5EB2 /* Project object */;
			proxyType = 1;
			remoteGlobalIDString = 312926142BD1019A005A5EB2;
			remoteInfo = "swiftui project";
		};
/* End PBXContainerItemProxy section */

/* Begin PBXFileReference section */
		312926152BD1019A005A5EB2 /* swiftui project.app */ = {isa = PBXFileReference; explicitFileType = wrapper.application; includeInIndex = 0; path = "swiftui project.app"; sourceTree = BUILT_PRODUCTS_DIR; };
		312926182BD1019A005A5EB2 /* swiftui_projectApp.swift */ = {isa = PBXFileReference; lastKnownFileType = sourcecode.swift; path = swiftui_projectApp.swift; sourceTree = "<group>"; };
		3129261A2BD1019A005A5EB2 /* ContentView.swift */ = {isa = PBXFileReference; lastKnownFileType = sourcecode.swift; path = ContentView.swift; sourceTree = "<group>"; };
		3129261C2BD1019C005A5EB2 /* Assets.xcassets */ = {isa = PBXFileReference; lastKnownFileType = folder.assetcatalog; path = Assets.xcassets; sourceTree = "<group>"; };
		3129261F2BD1019C005A5EB2 /* Preview Assets.xcassets */ = {isa = PBXFileReference; lastKnownFileType = folder.assetcatalog; path = "Preview Assets.xcassets"; sourceTree = "<group>"; };
		312926252BD1019C005A5EB2 /* swiftui projectTests.xctest */ = {isa = PBXFileReference; explicitFileType = wrapper.cfbundle; includeInIndex = 0; path = "swiftui projectTests.xctest"; sourceTree = BUILT_PRODUCTS_DIR; };
		312926292BD1019C005A5EB2 /* swiftui_projectTests.swift */ = {isa = PBXFileReference; lastKnownFileType = sourcecode.swift; path = swiftui_projectTests.swift; sourceTree = "<group>"; };
		3129262F2BD1019C005A5EB2 /* swiftui projectUITests.xctest */ = {isa = PBXFileReference; explicitFileType = wrapper.cfbundle; includeInIndex = 0; path = "swiftui projectUITests.xctest"; sourceTree = BUILT_PRODUCTS_DIR; };
		312926332BD1019C005A5EB2 /* swiftui_projectUITests.swift */ = {isa = PBXFileReference; lastKnownFileType = sourcecode.swift; path = swiftui_projectUITests.swift; sourceTree = "<group>"; };
		312926352BD1019C005A5EB2 /* swiftui_projectUITestsLaunchTests.swift */ = {isa = PBXFileReference; lastKnownFileType = sourcecode.swift; path = swiftui_projectUITestsLaunchTests.swift; sourceTree = "<group>"; };
		312926422BD108BC005A5EB2 /* ListView.swift */ = {isa = PBXFileReference; lastKnownFileType = sourcecode.swift; path = ListView.swift; sourceTree = "<group>"; };
/* End PBXFileReference section */

/* Begin PBXFrameworksBuildPhase section */
		312926122BD1019A005A5EB2 /* Frameworks */ = {
			isa = PBXFrameworksBuildPhase;
			buildActionMask = 2147483647;
			files = (
			);
			runOnlyForDeploymentPostprocessing = 0;
		};
		312926222BD1019C005A5EB2 /* Frameworks */ = {
			isa = PBXFrameworksBuildPhase;
			buildActionMask = 2147483647;
			files = (
			);
			runOnlyForDeploymentPostprocessing = 0;
		};
		3129262C2BD1019C005A5EB2 /* Frameworks */ = {
			isa = PBXFrameworksBuildPhase;
			buildActionMask = 2147483647;
			files = (
			);
			runOnlyForDeploymentPostprocessing = 0;
		};
/* End PBXFrameworksBuildPhase section */

/* Begin PBXGroup section */
		3129260C2BD1019A005A5EB2 = {
			isa = PBXGroup;
			children = (
				312926172BD1019A005A5EB2 /* swiftui project */,
				312926282BD1019C005A5EB2 /* swiftui projectTests */,
				312926322BD1019C005A5EB2 /* swiftui projectUITests */,
				312926162BD1019A005A5EB2 /* Products */,
			);
			sourceTree = "<group>";
		};
		312926162BD1019A005A5EB2 /* Products */ = {
			isa = PBXGroup;
			children = (
				312926152BD1019A005A5EB2 /* swiftui project.app */,
				312926252BD1019C005A5EB2 /* swiftui projectTests.xctest */,
				3129262F2BD1019C005A5EB2 /* swiftui projectUITests.xctest */,
			);
			name = Products;
			sourceTree = "<group>";
		};
		312926172BD1019A005A5EB2 /* swiftui project */ = {
			isa = PBXGroup;
			children = (
				312926182BD1019A005A5EB2 /* swiftui_projectApp.swift */,
				3129261A2BD1019A005A5EB2 /* ContentView.swift */,
				312926422BD108BC005A5EB2 /* ListView.swift */,
				3129261C2BD1019C005A5EB2 /* Assets.xcassets */,
				3129261E2BD1019C005A5EB2 /* Preview Content */,
			);
			path = "swiftui project";
			sourceTree = "<group>";
		};
		3129261E2BD1019C005A5EB2 /* Preview Content */ = {
			isa = PBXGroup;
			children = (
				3129261F2BD1019C005A5EB2 /* Preview Assets.xcassets */,
			);
			path = "Preview Content";
			sourceTree = "<group>";
		};
		312926282BD1019C005A5EB2 /* swiftui projectTests */ = {
			isa = PBXGroup;
			children = (
				312926292BD1019C005A5EB2 /* swiftui_projectTests.swift */,
			);
			path = "swiftui projectTests";
			sourceTree = "<group>";
		};
		312926322BD1019C005A5EB2 /* swiftui projectUITests */ = {
			isa = PBXGroup;
			children = (
				312926332BD1019C005A5EB2 /* swiftui_projectUITests.swift */,
				312926352BD1019C005A5EB2 /* swiftui_projectUITestsLaunchTests.swift */,
			);
			path = "swiftui projectUITests";
			sourceTree = "<group>";
		};
/* End PBXGroup section */

/* Begin PBXNativeTarget section */
		312926142BD1019A005A5EB2 /* swiftui project */ = {
			isa = PBXNativeTarget;
			buildConfigurationList = 312926392BD1019C005A5EB2 /* Build configuration list for PBXNativeTarget "swiftui project" */;
			buildPhases = (
				312926112BD1019A005A5EB2 /* Sources */,
				312926122BD1019A005A5EB2 /* Frameworks */,
				312926132BD1019A005A5EB2 /* Resources */,
			);
			buildRules = (
			);
			dependencies = (
			);
			name = "swiftui project";
			productName = "swiftui project";
			productReference = 312926152BD1019A005A5EB2 /* swiftui project.app */;
			productType = "com.apple.product-type.application";
		};
		312926242BD1019C005A5EB2 /* swiftui projectTests */ = {
			isa = PBXNativeTarget;
			buildConfigurationList = 3129263C2BD1019C005A5EB2 /* Build configuration list for PBXNativeTarget "swiftui projectTests" */;
			buildPhases = (
				312926212BD1019C005A5EB2 /* Sources */,
				312926222BD1019C005A5EB2 /* Frameworks */,
				312926232BD1019C005A5EB2 /* Resources */,
			);
			buildRules = (
			);
			dependencies = (
				312926272BD1019C005A5EB2 /* PBXTargetDependency */,
			);
			name = "swiftui projectTests";
			productName = "swiftui projectTests";
			productReference = 312926252BD1019C005A5EB2 /* swiftui projectTests.xctest */;
			productType = "com.apple.product-type.bundle.unit-test";
		};
		3129262E2BD1019C005A5EB2 /* swiftui projectUITests */ = {
			isa = PBXNativeTarget;
			buildConfigurationList = 3129263F2BD1019C005A5EB2 /* Build configuration list for PBXNativeTarget "swiftui projectUITests" */;
			buildPhases = (
				3129262B2BD1019C005A5EB2 /* Sources */,
				3129262C2BD1019C005A5EB2 /* Frameworks */,
				3129262D2BD1019C005A5EB2 /* Resources */,
			);
			buildRules = (
			);
			dependencies = (
				312926312BD1019C005A5EB2 /* PBXTargetDependency */,
			);
			name = "swiftui projectUITests";
			productName = "swiftui projectUITests";
			productReference = 3129262F2BD1019C005A5EB2 /* swiftui projectUITests.xctest */;
			productType = "com.apple.product-type.bundle.ui-testing";
		};
/* End PBXNativeTarget section */

/* Begin PBXProject section */
		3129260D2BD1019A005A5EB2 /* Project object */ = {
			isa = PBXProject;
			attributes = {
				BuildIndependentTargetsInParallel = 1;
				LastSwiftUpdateCheck = 1520;
				LastUpgradeCheck = 1520;
				TargetAttributes = {
					312926142BD1019A005A5EB2 = {
						CreatedOnToolsVersion = 15.2;
					};
					312926242BD1019C005A5EB2 = {
						CreatedOnToolsVersion = 15.2;
						TestTargetID = 312926142BD1019A005A5EB2;
					};
					3129262E2BD1019C005A5EB2 = {
						CreatedOnToolsVersion = 15.2;
						TestTargetID = 312926142BD1019A005A5EB2;
					};
				};
			};
			buildConfigurationList = 312926102BD1019A005A5EB2 /* Build configuration list for PBXProject "swiftui project" */;
			compatibilityVersion = "Xcode 14.0";
			developmentRegion = en;
			hasScannedForEncodings = 0;
			knownRegions = (
				en,
				Base,
			);
			mainGroup = 3129260C2BD1019A005A5EB2;
			productRefGroup = 312926162BD1019A005A5EB2 /* Products */;
			projectDirPath = "";
			projectRoot = "";
			targets = (
				312926142BD1019A005A5EB2 /* swiftui project */,
				312926242BD1019C005A5EB2 /* swiftui projectTests */,
				3129262E2BD1019C005A5EB2 /* swiftui projectUITests */,
			);
		};
/* End PBXProject section */

/* Begin PBXResourcesBuildPhase section */
		312926132BD1019A005A5EB2 /* Resources */ = {
			isa = PBXResourcesBuildPhase;
			buildActionMask = 2147483647;
			files = (
				312926202BD1019C005A5EB2 /* Preview Assets.xcassets in Resources */,
				3129261D2BD1019C005A5EB2 /* Assets.xcassets in Resources */,
			);
			runOnlyForDeploymentPostprocessing = 0;
		};
		312926232BD1019C005A5EB2 /* Resources */ = {
			isa = PBXResourcesBuildPhase;
			buildActionMask = 2147483647;
			files = (
			);
			runOnlyForDeploymentPostprocessing = 0;
		};
		3129262D2BD1019C005A5EB2 /* Resources */ = {
			isa = PBXResourcesBuildPhase;
			buildActionMask = 2147483647;
			files = (
			);
			runOnlyForDeploymentPostprocessing = 0;
		};
/* End PBXResourcesBuildPhase section */

/* Begin PBXSourcesBuildPhase section */
		312926112BD1019A005A5EB2 /* Sources */ = {
			isa = PBXSourcesBuildPhase;
			buildActionMask = 2147483647;
			files = (
				3129261B2BD1019A005A5EB2 /* ContentView.swift in Sources */,
				312926192BD1019A005A5EB2 /* swiftui_projectApp.swift in Sources */,
				312926432BD108BC005A5EB2 /* ListView.swift in Sources */,
			);
			runOnlyForDeploymentPostprocessing = 0;
		};
		312926212BD1019C005A5EB2 /* Sources */ = {
			isa = PBXSourcesBuildPhase;
			buildActionMask = 2147483647;
			files = (
				3129262A2BD1019C005A5EB2 /* swiftui_projectTests.swift in Sources */,
			);
			runOnlyForDeploymentPostprocessing = 0;
		};
		3129262B2BD1019C005A5EB2 /* Sources */ = {
			isa = PBXSourcesBuildPhase;
			buildActionMask = 2147483647;
			files = (
				312926362BD1019C005A5EB2 /* swiftui_projectUITestsLaunchTests.swift in Sources */,
				312926342BD1019C005A5EB2 /* swiftui_projectUITests.swift in Sources */,
			);
			runOnlyForDeploymentPostprocessing = 0;
		};
/* End PBXSourcesBuildPhase section */

/* Begin PBXTargetDependency section */
		312926272BD1019C005A5EB2 /* PBXTargetDependency */ = {
			isa = PBXTargetDependency;
			target = 312926142BD1019A005A5EB2 /* swiftui project */;
			targetProxy = 312926262BD1019C005A5EB2 /* PBXContainerItemProxy */;
		};
		312926312BD1019C005A5EB2 /* PBXTargetDependency */ = {
			isa = PBXTargetDependency;
			target = 312926142BD1019A005A5EB2 /* swiftui project */;
			targetProxy = 312926302BD1019C005A5EB2 /* PBXContainerItemProxy */;
		};
/* End PBXTargetDependency section */

/* Begin XCBuildConfiguration section */
		312926372BD1019C005A5EB2 /* Debug */ = {
			isa = XCBuildConfiguration;
			buildSettings = {
				ALWAYS_SEARCH_USER_PATHS = NO;
				ASSETCATALOG_COMPILER_GENERATE_SWIFT_ASSET_SYMBOL_EXTENSIONS = YES;
				CLANG_ANALYZER_NONNULL = YES;
				CLANG_ANALYZER_NUMBER_OBJECT_CONVERSION = YES_AGGRESSIVE;
				CLANG_CXX_LANGUAGE_STANDARD = "gnu++20";
				CLANG_ENABLE_MODULES = YES;
				CLANG_ENABLE_OBJC_ARC = YES;
				CLANG_ENABLE_OBJC_WEAK = YES;
				CLANG_WARN_BLOCK_CAPTURE_AUTORELEASING = YES;
				CLANG_WARN_BOOL_CONVERSION = YES;
				CLANG_WARN_COMMA = YES;
				CLANG_WARN_CONSTANT_CONVERSION = YES;
				CLANG_WARN_DEPRECATED_OBJC_IMPLEMENTATIONS = YES;
				CLANG_WARN_DIRECT_OBJC_ISA_USAGE = YES_ERROR;
				CLANG_WARN_DOCUMENTATION_COMMENTS = YES;
				CLANG_WARN_EMPTY_BODY = YES;
				CLANG_WARN_ENUM_CONVERSION = YES;
				CLANG_WARN_INFINITE_RECURSION = YES;
				CLANG_WARN_INT_CONVERSION = YES;
				CLANG_WARN_NON_LITERAL_NULL_CONVERSION = YES;
				CLANG_WARN_OBJC_IMPLICIT_RETAIN_SELF = YES;
				CLANG_WARN_OBJC_LITERAL_CONVERSION = YES;
				CLANG_WARN_OBJC_ROOT_CLASS = YES_ERROR;
				CLANG_WARN_QUOTED_INCLUDE_IN_FRAMEWORK_HEADER = YES;
				CLANG_WARN_RANGE_LOOP_ANALYSIS = YES;
				CLANG_WARN_STRICT_PROTOTYPES = YES;
				CLANG_WARN_SUSPICIOUS_MOVE = YES;
				CLANG_WARN_UNGUARDED_AVAILABILITY = YES_AGGRESSIVE;
				CLANG_WARN_UNREACHABLE_CODE = YES;
				CLANG_WARN__DUPLICATE_METHOD_MATCH = YES;
				COPY_PHASE_STRIP = NO;
				DEBUG_INFORMATION_FORMAT = dwarf;
				ENABLE_STRICT_OBJC_MSGSEND = YES;
				ENABLE_TESTABILITY = YES;
				ENABLE_USER_SCRIPT_SANDBOXING = YES;
				GCC_C_LANGUAGE_STANDARD = gnu17;
				GCC_DYNAMIC_NO_PIC = NO;
				GCC_NO_COMMON_BLOCKS = YES;
				GCC_OPTIMIZATION_LEVEL = 0;
				GCC_PREPROCESSOR_DEFINITIONS = (
					"DEBUG=1",
					"$(inherited)",
				);
				GCC_WARN_64_TO_32_BIT_CONVERSION = YES;
				GCC_WARN_ABOUT_RETURN_TYPE = YES_ERROR;
				GCC_WARN_UNDECLARED_SELECTOR = YES;
				GCC_WARN_UNINITIALIZED_AUTOS = YES_AGGRESSIVE;
				GCC_WARN_UNUSED_FUNCTION = YES;
				GCC_WARN_UNUSED_VARIABLE = YES;
				IPHONEOS_DEPLOYMENT_TARGET = 17.2;
				LOCALIZATION_PREFERS_STRING_CATALOGS = YES;
				MTL_ENABLE_DEBUG_INFO = INCLUDE_SOURCE;
				MTL_FAST_MATH = YES;
				ONLY_ACTIVE_ARCH = YES;
				SDKROOT = iphoneos;
				SWIFT_ACTIVE_COMPILATION_CONDITIONS = "DEBUG $(inherited)";
				SWIFT_OPTIMIZATION_LEVEL = "-Onone";
			};
			name = Debug;
		};
		312926382BD1019C005A5EB2 /* Release */ = {
			isa = XCBuildConfiguration;
			buildSettings = {
				ALWAYS_SEARCH_USER_PATHS = NO;
				ASSETCATALOG_COMPILER_GENERATE_SWIFT_ASSET_SYMBOL_EXTENSIONS = YES;
				CLANG_ANALYZER_NONNULL = YES;
				CLANG_ANALYZER_NUMBER_OBJECT_CONVERSION = YES_AGGRESSIVE;
				CLANG_CXX_LANGUAGE_STANDARD = "gnu++20";
				CLANG_ENABLE_MODULES = YES;
				CLANG_ENABLE_OBJC_ARC = YES;
				CLANG_ENABLE_OBJC_WEAK = YES;
				CLANG_WARN_BLOCK_CAPTURE_AUTORELEASING = YES;
				CLANG_WARN_BOOL_CONVERSION = YES;
				CLANG_WARN_COMMA = YES;
				CLANG_WARN_CONSTANT_CONVERSION = YES;
				CLANG_WARN_DEPRECATED_OBJC_IMPLEMENTATIONS = YES;
				CLANG_WARN_DIRECT_OBJC_ISA_USAGE = YES_ERROR;
				CLANG_WARN_DOCUMENTATION_COMMENTS = YES;
				CLANG_WARN_EMPTY_BODY = YES;
				CLANG_WARN_ENUM_CONVERSION = YES;
				CLANG_WARN_INFINITE_RECURSION = YES;
				CLANG_WARN_INT_CONVERSION = YES;
				CLANG_WARN_NON_LITERAL_NULL_CONVERSION = YES;
				CLANG_WARN_OBJC_IMPLICIT_RETAIN_SELF = YES;
				CLANG_WARN_OBJC_LITERAL_CONVERSION = YES;
				CLANG_WARN_OBJC_ROOT_CLASS = YES_ERROR;
				CLANG_WARN_QUOTED_INCLUDE_IN_FRAMEWORK_HEADER = YES;
				CLANG_WARN_RANGE_LOOP_ANALYSIS = YES;
				CLANG_WARN_STRICT_PROTOTYPES = YES;
				CLANG_WARN_SUSPICIOUS_MOVE = YES;
				CLANG_WARN_UNGUARDED_AVAILABILITY = YES_AGGRESSIVE;
				CLANG_WARN_UNREACHABLE_CODE = YES;
				CLANG_WARN__DUPLICATE_METHOD_MATCH = YES;
				COPY_PHASE_STRIP = NO;
				DEBUG_INFORMATION_FORMAT = "dwarf-with-dsym";
				ENABLE_NS_ASSERTIONS = NO;
				ENABLE_STRICT_OBJC_MSGSEND = YES;
				ENABLE_USER_SCRIPT_SANDBOXING = YES;
				GCC_C_LANGUAGE_STANDARD = gnu17;
				GCC_NO_COMMON_BLOCKS = YES;
				GCC_WARN_64_TO_32_BIT_CONVERSION = YES;
				GCC_WARN_ABOUT_RETURN_TYPE = YES_ERROR;
				GCC_WARN_UNDECLARED_SELECTOR = YES;
				GCC_WARN_UNINITIALIZED_AUTOS = YES_AGGRESSIVE;
				GCC_WARN_UNUSED_FUNCTION = YES;
				GCC_WARN_UNUSED_VARIABLE = YES;
				IPHONEOS_DEPLOYMENT_TARGET = 17.2;
				LOCALIZATION_PREFERS_STRING_CATALOGS = YES;
				MTL_ENABLE_DEBUG_INFO = NO;
				MTL_FAST_MATH = YES;
				SDKROOT = iphoneos;
				SWIFT_COMPILATION_MODE = wholemodule;
				VALIDATE_PRODUCT = YES;
			};
			name = Release;
		};
		3129263A2BD1019C005A5EB2 /* Debug */ = {
			isa = XCBuildConfiguration;
			buildSettings = {
				ASSETCATALOG_COMPILER_APPICON_NAME = AppIcon;
				ASSETCATALOG_COMPILER_GLOBAL_ACCENT_COLOR_NAME = AccentColor;
				CODE_SIGN_STYLE = Automatic;
				CURRENT_PROJECT_VERSION = 1;
				DEVELOPMENT_ASSET_PATHS = "\"swiftui project/Preview Content\"";
				ENABLE_PREVIEWS = YES;
				GENERATE_INFOPLIST_FILE = YES;
				INFOPLIST_KEY_UIApplicationSceneManifest_Generation = YES;
				INFOPLIST_KEY_UIApplicationSupportsIndirectInputEvents = YES;
				INFOPLIST_KEY_UILaunchScreen_Generation = YES;
				INFOPLIST_KEY_UISupportedInterfaceOrientations_iPad = "UIInterfaceOrientationPortrait UIInterfaceOrientationPortraitUpsideDown UIInterfaceOrientationLandscapeLeft UIInterfaceOrientationLandscapeRight";
				INFOPLIST_KEY_UISupportedInterfaceOrientations_iPhone = "UIInterfaceOrientationPortrait UIInterfaceOrientationLandscapeLeft UIInterfaceOrientationLandscapeRight";
				LD_RUNPATH_SEARCH_PATHS = (
					"$(inherited)",
					"@executable_path/Frameworks",
				);
				MARKETING_VERSION = 1.0;
				PRODUCT_BUNDLE_IDENTIFIER = "amelie.swiftui-project";
				PRODUCT_NAME = "$(TARGET_NAME)";
				SWIFT_EMIT_LOC_STRINGS = YES;
				SWIFT_VERSION = 5.0;
				TARGETED_DEVICE_FAMILY = "1,2";
			};
			name = Debug;
		};
		3129263B2BD1019C005A5EB2 /* Release */ = {
			isa = XCBuildConfiguration;
			buildSettings = {
				ASSETCATALOG_COMPILER_APPICON_NAME = AppIcon;
				ASSETCATALOG_COMPILER_GLOBAL_ACCENT_COLOR_NAME = AccentColor;
				CODE_SIGN_STYLE = Automatic;
				CURRENT_PROJECT_VERSION = 1;
				DEVELOPMENT_ASSET_PATHS = "\"swiftui project/Preview Content\"";
				ENABLE_PREVIEWS = YES;
				GENERATE_INFOPLIST_FILE = YES;
				INFOPLIST_KEY_UIApplicationSceneManifest_Generation = YES;
				INFOPLIST_KEY_UIApplicationSupportsIndirectInputEvents = YES;
				INFOPLIST_KEY_UILaunchScreen_Generation = YES;
				INFOPLIST_KEY_UISupportedInterfaceOrientations_iPad = "UIInterfaceOrientationPortrait UIInterfaceOrientationPortraitUpsideDown UIInterfaceOrientationLandscapeLeft UIInterfaceOrientationLandscapeRight";
				INFOPLIST_KEY_UISupportedInterfaceOrientations_iPhone = "UIInterfaceOrientationPortrait UIInterfaceOrientationLandscapeLeft UIInterfaceOrientationLandscapeRight";
				LD_RUNPATH_SEARCH_PATHS = (
					"$(inherited)",
					"@executable_path/Frameworks",
				);
				MARKETING_VERSION = 1.0;
				PRODUCT_BUNDLE_IDENTIFIER = "amelie.swiftui-project";
				PRODUCT_NAME = "$(TARGET_NAME)";
				SWIFT_EMIT_LOC_STRINGS = YES;
				SWIFT_VERSION = 5.0;
				TARGETED_DEVICE_FAMILY = "1,2";
			};
			name = Release;
		};
		3129263D2BD1019C005A5EB2 /* Debug */ = {
			isa = XCBuildConfiguration;
			buildSettings = {
				ALWAYS_EMBED_SWIFT_STANDARD_LIBRARIES = YES;
				BUNDLE_LOADER = "$(TEST_HOST)";
				CODE_SIGN_STYLE = Automatic;
				CURRENT_PROJECT_VERSION = 1;
				GENERATE_INFOPLIST_FILE = YES;
				IPHONEOS_DEPLOYMENT_TARGET = 17.2;
				MARKETING_VERSION = 1.0;
				PRODUCT_BUNDLE_IDENTIFIER = "amelie.swiftui-projectTests";
				PRODUCT_NAME = "$(TARGET_NAME)";
				SWIFT_EMIT_LOC_STRINGS = NO;
				SWIFT_VERSION = 5.0;
				TARGETED_DEVICE_FAMILY = "1,2";
				TEST_HOST = "$(BUILT_PRODUCTS_DIR)/swiftui project.app/$(BUNDLE_EXECUTABLE_FOLDER_PATH)/swiftui project";
			};
			name = Debug;
		};
		3129263E2BD1019C005A5EB2 /* Release */ = {
			isa = XCBuildConfiguration;
			buildSettings = {
				ALWAYS_EMBED_SWIFT_STANDARD_LIBRARIES = YES;
				BUNDLE_LOADER = "$(TEST_HOST)";
				CODE_SIGN_STYLE = Automatic;
				CURRENT_PROJECT_VERSION = 1;
				GENERATE_INFOPLIST_FILE = YES;
				IPHONEOS_DEPLOYMENT_TARGET = 17.2;
				MARKETING_VERSION = 1.0;
				PRODUCT_BUNDLE_IDENTIFIER = "amelie.swiftui-projectTests";
				PRODUCT_NAME = "$(TARGET_NAME)";
				SWIFT_EMIT_LOC_STRINGS = NO;
				SWIFT_VERSION = 5.0;
				TARGETED_DEVICE_FAMILY = "1,2";
				TEST_HOST = "$(BUILT_PRODUCTS_DIR)/swiftui project.app/$(BUNDLE_EXECUTABLE_FOLDER_PATH)/swiftui project";
			};
			name = Release;
		};
		312926402BD1019C005A5EB2 /* Debug */ = {
			isa = XCBuildConfiguration;
			buildSettings = {
				ALWAYS_EMBED_SWIFT_STANDARD_LIBRARIES = YES;
				CODE_SIGN_STYLE = Automatic;
				CURRENT_PROJECT_VERSION = 1;
				GENERATE_INFOPLIST_FILE = YES;
				MARKETING_VERSION = 1.0;
				PRODUCT_BUNDLE_IDENTIFIER = "amelie.swiftui-projectUITests";
				PRODUCT_NAME = "$(TARGET_NAME)";
				SWIFT_EMIT_LOC_STRINGS = NO;
				SWIFT_VERSION = 5.0;
				TARGETED_DEVICE_FAMILY = "1,2";
				TEST_TARGET_NAME = "swiftui project";
			};
			name = Debug;
		};
		312926412BD1019C005A5EB2 /* Release */ = {
			isa = XCBuildConfiguration;
			buildSettings = {
				ALWAYS_EMBED_SWIFT_STANDARD_LIBRARIES = YES;
				CODE_SIGN_STYLE = Automatic;
				CURRENT_PROJECT_VERSION = 1;
				GENERATE_INFOPLIST_FILE = YES;
				MARKETING_VERSION = 1.0;
				PRODUCT_BUNDLE_IDENTIFIER = "amelie.swiftui-projectUITests";
				PRODUCT_NAME = "$(TARGET_NAME)";
				SWIFT_EMIT_LOC_STRINGS = NO;
				SWIFT_VERSION = 5.0;
				TARGETED_DEVICE_FAMILY = "1,2";
				TEST_TARGET_NAME = "swiftui project";
			};
			name = Release;
		};
/* End XCBuildConfiguration section */

/* Begin XCConfigurationList section */
		312926102BD1019A005A5EB2 /* Build configuration list for PBXProject "swiftui project" */ = {
			isa = XCConfigurationList;
			buildConfigurations = (
				312926372BD1019C005A5EB2 /* Debug */,
				312926382BD1019C005A5EB2 /* Release */,
			);
			defaultConfigurationIsVisible = 0;
			defaultConfigurationName = Release;
		};
		312926392BD1019C005A5EB2 /* Build configuration list for PBXNativeTarget "swiftui project" */ = {
			isa = XCConfigurationList;
			buildConfigurations = (
				3129263A2BD1019C005A5EB2 /* Debug */,
				3129263B2BD1019C005A5EB2 /* Release */,
			);
			defaultConfigurationIsVisible = 0;
			defaultConfigurationName = Release;
		};
		3129263C2BD1019C005A5EB2 /* Build configuration list for PBXNativeTarget "swiftui projectTests" */ = {
			isa = XCConfigurationList;
			buildConfigurations = (
				3129263D2BD1019C005A5EB2 /* Debug */,
				3129263E2BD1019C005A5EB2 /* Release */,
			);
			defaultConfigurationIsVisible = 0;
			defaultConfigurationName = Release;
		};
		3129263F2BD1019C005A5EB2 /* Build configuration list for PBXNativeTarget "swiftui projectUITests" */ = {
			isa = XCConfigurationList;
			buildConfigurations = (
				312926402BD1019C005A5EB2 /* Debug */,
				312926412BD1019C005A5EB2 /* Release */,
			);
			defaultConfigurationIsVisible = 0;
			defaultConfigurationName = Release;
		};
/* End XCConfigurationList section */
	};
	rootObject = 3129260D2BD1019A005A5EB2 /* Project object */;
}
